
Microsoft Visual Studio Solution File, Format Version 12.00
# Visual Studio Version 17
VisualStudioVersion = 17.11.35303.130
MinimumVisualStudioVersion = 10.0.40219.1
Project("{2150E333-8FDC-42A3-9474-1A3956D46DE8}") = "Task0", "Task0", "{F3593E5C-EB0E-4535-8B30-D0E7FC0C811A}"
EndProject
Project("{FAE04EC0-301F-11D3-BF4B-00C04F79EFBC}") = "Tyuiu.ShakirovaGM.Sprint3.Task0.V28", "Tyuiu.ShakirovaGM.Sprint3.Task0.V28\Tyuiu.ShakirovaGM.Sprint3.Task0.V28.csproj", "{3E33CFBD-1720-4170-9F65-9C5745F63829}"
EndProject
Project("{FAE04EC0-301F-11D3-BF4B-00C04F79EFBC}") = "Tyuiu.ShakirovaGM.Sprint3.Task0.V28.Lib", "Tyuiu.ShakirovaGM.Sprint3.Task0.V28.Lib\Tyuiu.ShakirovaGM.Sprint3.Task0.V28.Lib.csproj", "{E7028E23-EC2A-46ED-9B6D-F358D745B811}"
EndProject
Project("{FAE04EC0-301F-11D3-BF4B-00C04F79EFBC}") = "Tyuiu.ShakirovaGM.Sprint3.Task0.V28.Test", "Tyuiu.ShakirovaGM.Sprint3.Task0.V28.Test\Tyuiu.ShakirovaGM.Sprint3.Task0.V28.Test.csproj", "{18FD0533-6582-440B-87E6-2BC91FBABBB3}"
EndProject
Global
	GlobalSection(SolutionConfigurationPlatforms) = preSolution
		Debug|Any CPU = Debug|Any CPU
		Release|Any CPU = Release|Any CPU
	EndGlobalSection
	GlobalSection(ProjectConfigurationPlatforms) = postSolution
		{3E33CFBD-1720-4170-9F65-9C5745F63829}.Debug|Any CPU.ActiveCfg = Debug|Any CPU
		{3E33CFBD-1720-4170-9F65-9C5745F63829}.Debug|Any CPU.Build.0 = Debug|Any CPU
		{3E33CFBD-1720-4170-9F65-9C5745F63829}.Release|Any CPU.ActiveCfg = Release|Any CPU
		{3E33CFBD-1720-4170-9F65-9C5745F63829}.Release|Any CPU.Build.0 = Release|Any CPU
		{E7028E23-EC2A-46ED-9B6D-F358D745B811}.Debug|Any CPU.ActiveCfg = Debug|Any CPU
		{E7028E23-EC2A-46ED-9B6D-F358D745B811}.Debug|Any CPU.Build.0 = Debug|Any CPU
		{E7028E23-EC2A-46ED-9B6D-F358D745B811}.Release|Any CPU.ActiveCfg = Release|Any CPU
		{E7028E23-EC2A-46ED-9B6D-F358D745B811}.Release|Any CPU.Build.0 = Release|Any CPU
		{18FD0533-6582-440B-87E6-2BC91FBABBB3}.Debug|Any CPU.ActiveCfg = Debug|Any CPU
		{18FD0533-6582-440B-87E6-2BC91FBABBB3}.Debug|Any CPU.Build.0 = Debug|Any CPU
		{18FD0533-6582-440B-87E6-2BC91FBABBB3}.Release|Any CPU.ActiveCfg = Release|Any CPU
		{18FD0533-6582-440B-87E6-2BC91FBABBB3}.Release|Any CPU.Build.0 = Release|Any CPU
	EndGlobalSection
	GlobalSection(SolutionProperties) = preSolution
		HideSolutionNode = FALSE
	EndGlobalSection
	GlobalSection(NestedProjects) = preSolution
		{3E33CFBD-1720-4170-9F65-9C5745F63829} = {F3593E5C-EB0E-4535-8B30-D0E7FC0C811A}
		{E7028E23-EC2A-46ED-9B6D-F358D745B811} = {F3593E5C-EB0E-4535-8B30-D0E7FC0C811A}
		{18FD0533-6582-440B-87E6-2BC91FBABBB3} = {F3593E5C-EB0E-4535-8B30-D0E7FC0C811A}
	EndGlobalSection
	GlobalSection(ExtensibilityGlobals) = postSolution
		SolutionGuid = {99E89634-2EA7-4D80-9090-A796A268AAEB}
	EndGlobalSection
EndGlobal
